// !$*UTF8*$!
{
	archiveVersion = 1;
	classes = {
	};
	objectVersion = 56;
	objects = {

/* Begin PBXBuildFile section */
		A00000000000000000000001 /* PacketTunnelProvider.swift in Sources */ = {isa = PBXBuildFile; fileRef = B00000000000000000000001 /* PacketTunnelProvider.swift */; };
		A00000000000000000000002 /* NetworkExtension.framework in Frameworks */ = {isa = PBXBuildFile; fileRef = B00000000000000000000005 /* NetworkExtension.framework */; };
		A00000000000000000000003 /* IPv4UDP.swift in Sources */ = {isa = PBXBuildFile; fileRef = B00000000000000000000006 /* IPv4UDP.swift */; };
		A00000000000000000000004 /* RelayEnvelope.swift in Sources */ = {isa = PBXBuildFile; fileRef = B00000000000000000000007 /* RelayEnvelope.swift */; };
		A00000000000000000000005 /* Civ6PacketRouter.swift in Sources */ = {isa = PBXBuildFile; fileRef = B00000000000000000000008 /* Civ6PacketRouter.swift */; };
/* End PBXBuildFile section */

/* Begin PBXFileReference section */
		B00000000000000000000001 /* PacketTunnelProvider.swift */ = {isa = PBXFileReference; lastKnownFileType = sourcecode.swift; path = PacketTunnelProvider.swift; sourceTree = "<group>"; };
		B00000000000000000000002 /* Info.plist */ = {isa = PBXFileReference; lastKnownFileType = text.plist.xml; path = Info.plist; sourceTree = "<group>"; };
		B00000000000000000000003 /* PacketTunnel.entitlements */ = {isa = PBXFileReference; lastKnownFileType = text.plist.entitlements; path = PacketTunnel.entitlements; sourceTree = "<group>"; };
		B00000000000000000000004 /* PacketTunnel.systemextension */ = {isa = PBXFileReference; explicitFileType = wrapper.system-extension; includeInIndex = 0; path = PacketTunnel.systemextension; sourceTree = BUILT_PRODUCTS_DIR; };
		B00000000000000000000005 /* NetworkExtension.framework */ = {isa = PBXFileReference; lastKnownFileType = wrapper.framework; name = NetworkExtension.framework; path = System/Library/Frameworks/NetworkExtension.framework; sourceTree = SDKROOT; };
		B00000000000000000000006 /* IPv4UDP.swift */ = {isa = PBXFileReference; lastKnownFileType = sourcecode.swift; path = IPv4UDP.swift; sourceTree = "<group>"; };
		B00000000000000000000007 /* RelayEnvelope.swift */ = {isa = PBXFileReference; lastKnownFileType = sourcecode.swift; path = RelayEnvelope.swift; sourceTree = "<group>"; };
		B00000000000000000000008 /* Civ6PacketRouter.swift */ = {isa = PBXFileReference; lastKnownFileType = sourcecode.swift; path = Civ6PacketRouter.swift; sourceTree = "<group>"; };
/* End PBXFileReference section */

/* Begin PBXFrameworksBuildPhase section */
		C00000000000000000000001 /* Frameworks */ = {
			isa = PBXFrameworksBuildPhase;
			buildActionMask = 2147483647;
			files = (
				A00000000000000000000002 /* NetworkExtension.framework in Frameworks */,
			);
			runOnlyForDeploymentPostprocessing = 0;
		};
/* End PBXFrameworksBuildPhase section */

/* Begin PBXGroup section */
		D00000000000000000000001 = {
			isa = PBXGroup;
			children = (
				D00000000000000000000002 /* Sources */,
				D00000000000000000000003 /* Resources */,
				B00000000000000000000003 /* PacketTunnel.entitlements */,
				B00000000000000000000005 /* NetworkExtension.framework */,
				D00000000000000000000004 /* Products */,
			);
			sourceTree = "<group>";
		};
		D00000000000000000000002 /* Sources */ = {
			isa = PBXGroup;
			children = (
				B00000000000000000000001 /* PacketTunnelProvider.swift */,
				B00000000000000000000006 /* IPv4UDP.swift */,
				B00000000000000000000007 /* RelayEnvelope.swift */,
				B00000000000000000000008 /* Civ6PacketRouter.swift */,
			);
			path = Sources;
			sourceTree = "<group>";
		};
		D00000000000000000000003 /* Resources */ = {
			isa = PBXGroup;
			children = (
				B00000000000000000000002 /* Info.plist */,
			);
			path = Resources;
			sourceTree = "<group>";
		};
		D00000000000000000000004 /* Products */ = {
			isa = PBXGroup;
			children = (
				B00000000000000000000004 /* PacketTunnel.systemextension */,
			);
			name = Products;
			sourceTree = "<group>";
		};
/* End PBXGroup section */

/* Begin PBXNativeTarget section */
		E00000000000000000000001 /* PacketTunnel */ = {
			isa = PBXNativeTarget;
			buildConfigurationList = F00000000000000000000002 /* Build configuration list for PBXNativeTarget "PacketTunnel" */;
			buildPhases = (
				C00000000000000000000002 /* Sources */,
				C00000000000000000000001 /* Frameworks */,
				C00000000000000000000003 /* Resources */,
			);
			buildRules = (
			);
			dependencies = (
			);
			name = PacketTunnel;
			productName = PacketTunnel;
			productReference = B00000000000000000000004 /* PacketTunnel.systemextension */;
			productType = "com.apple.product-type.system-extension";
		};
/* End PBXNativeTarget section */

/* Begin PBXProject section */
		E00000000000000000000002 /* Project object */ = {
			isa = PBXProject;
			attributes = {
				LastUpgradeCheck = 1600;
			};
			buildConfigurationList = F00000000000000000000001 /* Build configuration list for PBXProject "PacketTunnel" */;
			compatibilityVersion = "Xcode 14.0";
			developmentRegion = en;
			hasScannedForEncodings = 0;
			knownRegions = (
				en,
				Base,
			);
			mainGroup = D00000000000000000000001;
			productRefGroup = D00000000000000000000004 /* Products */;
			projectDirPath = "";
			projectRoot = "";
			targets = (
				E00000000000000000000001 /* PacketTunnel */,
			);
		};
/* End PBXProject section */

/* Begin PBXResourcesBuildPhase section */
		C00000000000000000000003 /* Resources */ = {
			isa = PBXResourcesBuildPhase;
			buildActionMask = 2147483647;
			files = (
			);
			runOnlyForDeploymentPostprocessing = 0;
		};
/* End PBXResourcesBuildPhase section */

/* Begin PBXSourcesBuildPhase section */
		C00000000000000000000002 /* Sources */ = {
			isa = PBXSourcesBuildPhase;
			buildActionMask = 2147483647;
			files = (
				A00000000000000000000001 /* PacketTunnelProvider.swift in Sources */,
				A00000000000000000000003 /* IPv4UDP.swift in Sources */,
				A00000000000000000000004 /* RelayEnvelope.swift in Sources */,
				A00000000000000000000005 /* Civ6PacketRouter.swift in Sources */,
			);
			runOnlyForDeploymentPostprocessing = 0;
		};
/* End PBXSourcesBuildPhase section */

/* Begin XCBuildConfiguration section */
		F00000000000000000000003 /* Debug */ = {
			isa = XCBuildConfiguration;
			buildSettings = {
				ALWAYS_SEARCH_USER_PATHS = NO;
				CLANG_ENABLE_MODULES = YES;
				CODE_SIGNING_ALLOWED = NO;
				CODE_SIGNING_REQUIRED = NO;
				CODE_SIGN_ENTITLEMENTS = PacketTunnel.entitlements;
				CURRENT_PROJECT_VERSION = 1;
				GENERATE_INFOPLIST_FILE = NO;
				INFOPLIST_FILE = Resources/Info.plist;
				MACH_O_TYPE = mh_bundle;
				MACOSX_DEPLOYMENT_TARGET = 12.0;
				SKIP_INSTALL = YES;
				PRODUCT_BUNDLE_IDENTIFIER = com.civ6lanbridge.macos.packet-tunnel;
				PRODUCT_NAME = PacketTunnel;
				SWIFT_VERSION = 5.0;
			};
			name = Debug;
		};
		F00000000000000000000004 /* Release */ = {
			isa = XCBuildConfiguration;
			buildSettings = {
				ALWAYS_SEARCH_USER_PATHS = NO;
				CLANG_ENABLE_MODULES = YES;
				CODE_SIGNING_ALLOWED = NO;
				CODE_SIGNING_REQUIRED = NO;
				CODE_SIGN_ENTITLEMENTS = PacketTunnel.entitlements;
				CURRENT_PROJECT_VERSION = 1;
				GENERATE_INFOPLIST_FILE = NO;
				INFOPLIST_FILE = Resources/Info.plist;
				MACH_O_TYPE = mh_bundle;
				MACOSX_DEPLOYMENT_TARGET = 12.0;
				SKIP_INSTALL = YES;
				PRODUCT_BUNDLE_IDENTIFIER = com.civ6lanbridge.macos.packet-tunnel;
				PRODUCT_NAME = PacketTunnel;
				SWIFT_OPTIMIZATION_LEVEL = "-O";
				SWIFT_VERSION = 5.0;
			};
			name = Release;
		};
		F00000000000000000000005 /* Debug */ = {
			isa = XCBuildConfiguration;
			buildSettings = {
				ALWAYS_SEARCH_USER_PATHS = NO;
				CLANG_ENABLE_MODULES = YES;
			};
			name = Debug;
		};
		F00000000000000000000006 /* Release */ = {
			isa = XCBuildConfiguration;
			buildSettings = {
				ALWAYS_SEARCH_USER_PATHS = NO;
				CLANG_ENABLE_MODULES = YES;
			};
			name = Release;
		};
/* End XCBuildConfiguration section */

/* Begin XCConfigurationList section */
		F00000000000000000000001 /* Build configuration list for PBXProject "PacketTunnel" */ = {
			isa = XCConfigurationList;
			buildConfigurations = (
				F00000000000000000000005 /* Debug */,
				F00000000000000000000006 /* Release */,
			);
			defaultConfigurationIsVisible = 0;
			defaultConfigurationName = Release;
		};
		F00000000000000000000002 /* Build configuration list for PBXNativeTarget "PacketTunnel" */ = {
			isa = XCConfigurationList;
			buildConfigurations = (
				F00000000000000000000003 /* Debug */,
				F00000000000000000000004 /* Release */,
			);
			defaultConfigurationIsVisible = 0;
			defaultConfigurationName = Release;
		};
/* End XCConfigurationList section */
	};
	rootObject = E00000000000000000000002 /* Project object */;
}
